// !$*UTF8*$!
{
	archiveVersion = 1;
	classes = {
	};
	objectVersion = 56;
	objects = {

/* Begin PBXBuildFile section */
		9F0CD9CB2A71FFF10007F50E /* AppDelegate.swift in Sources */ = {isa = PBXBuildFile; fileRef = 9F0CD9CA2A71FFF10007F50E /* AppDelegate.swift */; };
		9F0CD9CD2A71FFF10007F50E /* SceneDelegate.swift in Sources */ = {isa = PBXBuildFile; fileRef = 9F0CD9CC2A71FFF10007F50E /* SceneDelegate.swift */; };
		9F0CD9CF2A71FFF10007F50E /* ViewController.swift in Sources */ = {isa = PBXBuildFile; fileRef = 9F0CD9CE2A71FFF10007F50E /* ViewController.swift */; };
		9F0CD9D22A71FFF10007F50E /* Main.storyboard in Resources */ = {isa = PBXBuildFile; fileRef = 9F0CD9D02A71FFF10007F50E /* Main.storyboard */; };
		9F0CD9D42A71FFF40007F50E /* Assets.xcassets in Resources */ = {isa = PBXBuildFile; fileRef = 9F0CD9D32A71FFF40007F50E /* Assets.xcassets */; };
		9F0CD9D72A71FFF40007F50E /* LaunchScreen.storyboard in Resources */ = {isa = PBXBuildFile; fileRef = 9F0CD9D52A71FFF40007F50E /* LaunchScreen.storyboard */; };
		9F0CD9DF2A720FF60007F50E /* TodoTableViewController.swift in Sources */ = {isa = PBXBuildFile; fileRef = 9F0CD9DE2A720FF60007F50E /* TodoTableViewController.swift */; };
		9F9A49F52A7232F600F2673B /* StudyTableViewController.swift in Sources */ = {isa = PBXBuildFile; fileRef = 9F9A49F42A7232F600F2673B /* StudyTableViewController.swift */; };
		9F9A49F72A72496A00F2673B /* Extension.swift in Sources */ = {isa = PBXBuildFile; fileRef = 9F9A49F62A72496A00F2673B /* Extension.swift */; };
		9F9A49F92A724FB800F2673B /* Setting.storyboard in Resources */ = {isa = PBXBuildFile; fileRef = 9F9A49F82A724FB800F2673B /* Setting.storyboard */; };
		9F9A49FD2A72566700F2673B /* DynamicTableViewController.swift in Sources */ = {isa = PBXBuildFile; fileRef = 9F9A49FC2A72566700F2673B /* DynamicTableViewController.swift */; };
		9FA7AAD92A76947A00F17A0B /* Music.swift in Sources */ = {isa = PBXBuildFile; fileRef = 9FA7AAD82A76947A00F17A0B /* Music.swift */; };
		9FA7AADB2A769B6700F17A0B /* MusicInformation.swift in Sources */ = {isa = PBXBuildFile; fileRef = 9FA7AADA2A769B6700F17A0B /* MusicInformation.swift */; };
		9FA7AADD2A769D2100F17A0B /* Movie.storyboard in Resources */ = {isa = PBXBuildFile; fileRef = 9FA7AADC2A769D2100F17A0B /* Movie.storyboard */; };
		9FA7AADF2A769DDC00F17A0B /* MovieTableViewController.swift in Sources */ = {isa = PBXBuildFile; fileRef = 9FA7AADE2A769DDB00F17A0B /* MovieTableViewController.swift */; };
		9FA7AAE12A76A1A000F17A0B /* MovieTableViewCell.swift in Sources */ = {isa = PBXBuildFile; fileRef = 9FA7AAE02A76A1A000F17A0B /* MovieTableViewCell.swift */; };
		9FA7AAE32A76A2BD00F17A0B /* Movie.swift in Sources */ = {isa = PBXBuildFile; fileRef = 9FA7AAE22A76A2BC00F17A0B /* Movie.swift */; };
		9FA7AAE52A76A38000F17A0B /* MovieInfo.swift in Sources */ = {isa = PBXBuildFile; fileRef = 9FA7AAE42A76A38000F17A0B /* MovieInfo.swift */; };
		9FA879372A7336A900128C83 /* ShoppingListTableViewController.swift in Sources */ = {isa = PBXBuildFile; fileRef = 9FA879362A7336A900128C83 /* ShoppingListTableViewController.swift */; };
		9FA879392A73504100128C83 /* CutomTableViewController.swift in Sources */ = {isa = PBXBuildFile; fileRef = 9FA879382A73504100128C83 /* CutomTableViewController.swift */; };
		9FA8793B2A73527500128C83 /* CustomTableViewCell.swift in Sources */ = {isa = PBXBuildFile; fileRef = 9FA8793A2A73527500128C83 /* CustomTableViewCell.swift */; };
		9FA8793D2A7389CE00128C83 /* Todo.swift in Sources */ = {isa = PBXBuildFile; fileRef = 9FA8793C2A7389CD00128C83 /* Todo.swift */; };
		9FA8793F2A738A1500128C83 /* ToDoInformation.swift in Sources */ = {isa = PBXBuildFile; fileRef = 9FA8793E2A738A1500128C83 /* ToDoInformation.swift */; };
		9FE9E8D42A7685E40005A012 /* PracticeTableViewController.swift in Sources */ = {isa = PBXBuildFile; fileRef = 9FE9E8D32A7685E40005A012 /* PracticeTableViewController.swift */; };
		9FE9E8D62A768CCF0005A012 /* PracticeTableViewCell.swift in Sources */ = {isa = PBXBuildFile; fileRef = 9FE9E8D52A768CCF0005A012 /* PracticeTableViewCell.swift */; };
/* End PBXBuildFile section */

/* Begin PBXFileReference section */
		9F0CD9C72A71FFF10007F50E /* SeSACWeek3.app */ = {isa = PBXFileReference; explicitFileType = wrapper.application; includeInIndex = 0; path = SeSACWeek3.app; sourceTree = BUILT_PRODUCTS_DIR; };
		9F0CD9CA2A71FFF10007F50E /* AppDelegate.swift */ = {isa = PBXFileReference; lastKnownFileType = sourcecode.swift; path = AppDelegate.swift; sourceTree = "<group>"; };
		9F0CD9CC2A71FFF10007F50E /* SceneDelegate.swift */ = {isa = PBXFileReference; lastKnownFileType = sourcecode.swift; path = SceneDelegate.swift; sourceTree = "<group>"; };
		9F0CD9CE2A71FFF10007F50E /* ViewController.swift */ = {isa = PBXFileReference; lastKnownFileType = sourcecode.swift; path = ViewController.swift; sourceTree = "<group>"; };
		9F0CD9D12A71FFF10007F50E /* Base */ = {isa = PBXFileReference; lastKnownFileType = file.storyboard; name = Base; path = Base.lproj/Main.storyboard; sourceTree = "<group>"; };
		9F0CD9D32A71FFF40007F50E /* Assets.xcassets */ = {isa = PBXFileReference; lastKnownFileType = folder.assetcatalog; path = Assets.xcassets; sourceTree = "<group>"; };
		9F0CD9D62A71FFF40007F50E /* Base */ = {isa = PBXFileReference; lastKnownFileType = file.storyboard; name = Base; path = Base.lproj/LaunchScreen.storyboard; sourceTree = "<group>"; };
		9F0CD9D82A71FFF40007F50E /* Info.plist */ = {isa = PBXFileReference; lastKnownFileType = text.plist.xml; path = Info.plist; sourceTree = "<group>"; };
		9F0CD9DE2A720FF60007F50E /* TodoTableViewController.swift */ = {isa = PBXFileReference; lastKnownFileType = sourcecode.swift; path = TodoTableViewController.swift; sourceTree = "<group>"; };
		9F9A49F42A7232F600F2673B /* StudyTableViewController.swift */ = {isa = PBXFileReference; lastKnownFileType = sourcecode.swift; path = StudyTableViewController.swift; sourceTree = "<group>"; };
		9F9A49F62A72496A00F2673B /* Extension.swift */ = {isa = PBXFileReference; lastKnownFileType = sourcecode.swift; path = Extension.swift; sourceTree = "<group>"; };
		9F9A49F82A724FB800F2673B /* Setting.storyboard */ = {isa = PBXFileReference; lastKnownFileType = file.storyboard; path = Setting.storyboard; sourceTree = "<group>"; };
		9F9A49FC2A72566700F2673B /* DynamicTableViewController.swift */ = {isa = PBXFileReference; lastKnownFileType = sourcecode.swift; path = DynamicTableViewController.swift; sourceTree = "<group>"; };
		9FA7AAD82A76947A00F17A0B /* Music.swift */ = {isa = PBXFileReference; lastKnownFileType = sourcecode.swift; path = Music.swift; sourceTree = "<group>"; };
		9FA7AADA2A769B6700F17A0B /* MusicInformation.swift */ = {isa = PBXFileReference; lastKnownFileType = sourcecode.swift; path = MusicInformation.swift; sourceTree = "<group>"; };
		9FA7AADC2A769D2100F17A0B /* Movie.storyboard */ = {isa = PBXFileReference; lastKnownFileType = file.storyboard; path = Movie.storyboard; sourceTree = "<group>"; };
		9FA7AADE2A769DDB00F17A0B /* MovieTableViewController.swift */ = {isa = PBXFileReference; lastKnownFileType = sourcecode.swift; path = MovieTableViewController.swift; sourceTree = "<group>"; };
		9FA7AAE02A76A1A000F17A0B /* MovieTableViewCell.swift */ = {isa = PBXFileReference; lastKnownFileType = sourcecode.swift; path = MovieTableViewCell.swift; sourceTree = "<group>"; };
		9FA7AAE22A76A2BC00F17A0B /* Movie.swift */ = {isa = PBXFileReference; lastKnownFileType = sourcecode.swift; path = Movie.swift; sourceTree = "<group>"; };
		9FA7AAE42A76A38000F17A0B /* MovieInfo.swift */ = {isa = PBXFileReference; fileEncoding = 4; lastKnownFileType = sourcecode.swift; path = MovieInfo.swift; sourceTree = "<group>"; };
		9FA879362A7336A900128C83 /* ShoppingListTableViewController.swift */ = {isa = PBXFileReference; lastKnownFileType = sourcecode.swift; path = ShoppingListTableViewController.swift; sourceTree = "<group>"; };
		9FA879382A73504100128C83 /* CutomTableViewController.swift */ = {isa = PBXFileReference; lastKnownFileType = sourcecode.swift; path = CutomTableViewController.swift; sourceTree = "<group>"; };
		9FA8793A2A73527500128C83 /* CustomTableViewCell.swift */ = {isa = PBXFileReference; lastKnownFileType = sourcecode.swift; path = CustomTableViewCell.swift; sourceTree = "<group>"; };
		9FA8793C2A7389CD00128C83 /* Todo.swift */ = {isa = PBXFileReference; lastKnownFileType = sourcecode.swift; path = Todo.swift; sourceTree = "<group>"; };
		9FA8793E2A738A1500128C83 /* ToDoInformation.swift */ = {isa = PBXFileReference; lastKnownFileType = sourcecode.swift; path = ToDoInformation.swift; sourceTree = "<group>"; };
		9FE9E8D32A7685E40005A012 /* PracticeTableViewController.swift */ = {isa = PBXFileReference; lastKnownFileType = sourcecode.swift; path = PracticeTableViewController.swift; sourceTree = "<group>"; };
		9FE9E8D52A768CCF0005A012 /* PracticeTableViewCell.swift */ = {isa = PBXFileReference; lastKnownFileType = sourcecode.swift; path = PracticeTableViewCell.swift; sourceTree = "<group>"; };
/* End PBXFileReference section */

/* Begin PBXFrameworksBuildPhase section */
		9F0CD9C42A71FFF10007F50E /* Frameworks */ = {
			isa = PBXFrameworksBuildPhase;
			buildActionMask = 2147483647;
			files = (
			);
			runOnlyForDeploymentPostprocessing = 0;
		};
/* End PBXFrameworksBuildPhase section */

/* Begin PBXGroup section */
		9F0CD9BE2A71FFF10007F50E = {
			isa = PBXGroup;
			children = (
				9F0CD9C92A71FFF10007F50E /* SeSACWeek3 */,
				9F0CD9C82A71FFF10007F50E /* Products */,
			);
			sourceTree = "<group>";
		};
		9F0CD9C82A71FFF10007F50E /* Products */ = {
			isa = PBXGroup;
			children = (
				9F0CD9C72A71FFF10007F50E /* SeSACWeek3.app */,
			);
			name = Products;
			sourceTree = "<group>";
		};
		9F0CD9C92A71FFF10007F50E /* SeSACWeek3 */ = {
			isa = PBXGroup;
			children = (
				9F0CD9CA2A71FFF10007F50E /* AppDelegate.swift */,
				9F0CD9CC2A71FFF10007F50E /* SceneDelegate.swift */,
				9F0CD9CE2A71FFF10007F50E /* ViewController.swift */,
				9F0CD9D02A71FFF10007F50E /* Main.storyboard */,
				9F9A49F62A72496A00F2673B /* Extension.swift */,
				9F9A49F42A7232F600F2673B /* StudyTableViewController.swift */,
				9F0CD9DE2A720FF60007F50E /* TodoTableViewController.swift */,
				9F9A49F82A724FB800F2673B /* Setting.storyboard */,
				9FE9E8D32A7685E40005A012 /* PracticeTableViewController.swift */,
				9FA8793A2A73527500128C83 /* CustomTableViewCell.swift */,
				9FA879382A73504100128C83 /* CutomTableViewController.swift */,
				9FE9E8D52A768CCF0005A012 /* PracticeTableViewCell.swift */,
				9FA8793E2A738A1500128C83 /* ToDoInformation.swift */,
				9FA8793C2A7389CD00128C83 /* Todo.swift */,
				9FA7AAD82A76947A00F17A0B /* Music.swift */,
				9FA7AADA2A769B6700F17A0B /* MusicInformation.swift */,
				9FA879362A7336A900128C83 /* ShoppingListTableViewController.swift */,
				9F9A49FC2A72566700F2673B /* DynamicTableViewController.swift */,
				9FA7AADC2A769D2100F17A0B /* Movie.storyboard */,
				9FA7AADE2A769DDB00F17A0B /* MovieTableViewController.swift */,
				9FA7AAE02A76A1A000F17A0B /* MovieTableViewCell.swift */,
				9FA7AAE22A76A2BC00F17A0B /* Movie.swift */,
				9FA7AAE42A76A38000F17A0B /* MovieInfo.swift */,
				9F0CD9D32A71FFF40007F50E /* Assets.xcassets */,
				9F0CD9D52A71FFF40007F50E /* LaunchScreen.storyboard */,
				9F0CD9D82A71FFF40007F50E /* Info.plist */,
			);
			path = SeSACWeek3;
			sourceTree = "<group>";
		};
/* End PBXGroup section */

/* Begin PBXNativeTarget section */
		9F0CD9C62A71FFF10007F50E /* SeSACWeek3 */ = {
			isa = PBXNativeTarget;
			buildConfigurationList = 9F0CD9DB2A71FFF40007F50E /* Build configuration list for PBXNativeTarget "SeSACWeek3" */;
			buildPhases = (
				9F0CD9C32A71FFF10007F50E /* Sources */,
				9F0CD9C42A71FFF10007F50E /* Frameworks */,
				9F0CD9C52A71FFF10007F50E /* Resources */,
			);
			buildRules = (
			);
			dependencies = (
			);
			name = SeSACWeek3;
			productName = SeSACWeek3;
			productReference = 9F0CD9C72A71FFF10007F50E /* SeSACWeek3.app */;
			productType = "com.apple.product-type.application";
		};
/* End PBXNativeTarget section */

/* Begin PBXProject section */
		9F0CD9BF2A71FFF10007F50E /* Project object */ = {
			isa = PBXProject;
			attributes = {
				BuildIndependentTargetsInParallel = 1;
				LastSwiftUpdateCheck = 1430;
				LastUpgradeCheck = 1430;
				TargetAttributes = {
					9F0CD9C62A71FFF10007F50E = {
						CreatedOnToolsVersion = 14.3.1;
					};
				};
			};
			buildConfigurationList = 9F0CD9C22A71FFF10007F50E /* Build configuration list for PBXProject "SeSACWeek3" */;
			compatibilityVersion = "Xcode 14.0";
			developmentRegion = en;
			hasScannedForEncodings = 0;
			knownRegions = (
				en,
				Base,
			);
			mainGroup = 9F0CD9BE2A71FFF10007F50E;
			productRefGroup = 9F0CD9C82A71FFF10007F50E /* Products */;
			projectDirPath = "";
			projectRoot = "";
			targets = (
				9F0CD9C62A71FFF10007F50E /* SeSACWeek3 */,
			);
		};
/* End PBXProject section */

/* Begin PBXResourcesBuildPhase section */
		9F0CD9C52A71FFF10007F50E /* Resources */ = {
			isa = PBXResourcesBuildPhase;
			buildActionMask = 2147483647;
			files = (
				9FA7AADD2A769D2100F17A0B /* Movie.storyboard in Resources */,
				9F0CD9D72A71FFF40007F50E /* LaunchScreen.storyboard in Resources */,
				9F0CD9D42A71FFF40007F50E /* Assets.xcassets in Resources */,
				9F0CD9D22A71FFF10007F50E /* Main.storyboard in Resources */,
				9F9A49F92A724FB800F2673B /* Setting.storyboard in Resources */,
			);
			runOnlyForDeploymentPostprocessing = 0;
		};
/* End PBXResourcesBuildPhase section */

/* Begin PBXSourcesBuildPhase section */
		9F0CD9C32A71FFF10007F50E /* Sources */ = {
			isa = PBXSourcesBuildPhase;
			buildActionMask = 2147483647;
			files = (
				9FA7AAE32A76A2BD00F17A0B /* Movie.swift in Sources */,
				9FE9E8D62A768CCF0005A012 /* PracticeTableViewCell.swift in Sources */,
				9FA8793D2A7389CE00128C83 /* Todo.swift in Sources */,
				9FA7AAE12A76A1A000F17A0B /* MovieTableViewCell.swift in Sources */,
				9FA7AAD92A76947A00F17A0B /* Music.swift in Sources */,
				9FE9E8D42A7685E40005A012 /* PracticeTableViewController.swift in Sources */,
				9FA7AAE52A76A38000F17A0B /* MovieInfo.swift in Sources */,
				9F0CD9CF2A71FFF10007F50E /* ViewController.swift in Sources */,
				9FA7AADF2A769DDC00F17A0B /* MovieTableViewController.swift in Sources */,
				9F0CD9DF2A720FF60007F50E /* TodoTableViewController.swift in Sources */,
				9F9A49F52A7232F600F2673B /* StudyTableViewController.swift in Sources */,
				9FA8793F2A738A1500128C83 /* ToDoInformation.swift in Sources */,
				9FA7AADB2A769B6700F17A0B /* MusicInformation.swift in Sources */,
				9FA879372A7336A900128C83 /* ShoppingListTableViewController.swift in Sources */,
				9F9A49F72A72496A00F2673B /* Extension.swift in Sources */,
				9F9A49FD2A72566700F2673B /* DynamicTableViewController.swift in Sources */,
				9FA8793B2A73527500128C83 /* CustomTableViewCell.swift in Sources */,
				9F0CD9CB2A71FFF10007F50E /* AppDelegate.swift in Sources */,
				9FA879392A73504100128C83 /* CutomTableViewController.swift in Sources */,
				9F0CD9CD2A71FFF10007F50E /* SceneDelegate.swift in Sources */,
			);
			runOnlyForDeploymentPostprocessing = 0;
		};
/* End PBXSourcesBuildPhase section */

/* Begin PBXVariantGroup section */
		9F0CD9D02A71FFF10007F50E /* Main.storyboard */ = {
			isa = PBXVariantGroup;
			children = (
				9F0CD9D12A71FFF10007F50E /* Base */,
			);
			name = Main.storyboard;
			sourceTree = "<group>";
		};
		9F0CD9D52A71FFF40007F50E /* LaunchScreen.storyboard */ = {
			isa = PBXVariantGroup;
			children = (
				9F0CD9D62A71FFF40007F50E /* Base */,
			);
			name = LaunchScreen.storyboard;
			sourceTree = "<group>";
		};
/* End PBXVariantGroup section */

/* Begin XCBuildConfiguration section */
		9F0CD9D92A71FFF40007F50E /* Debug */ = {
			isa = XCBuildConfiguration;
			buildSettings = {
				ALWAYS_SEARCH_USER_PATHS = NO;
				CLANG_ANALYZER_NONNULL = YES;
				CLANG_ANALYZER_NUMBER_OBJECT_CONVERSION = YES_AGGRESSIVE;
				CLANG_CXX_LANGUAGE_STANDARD = "gnu++20";
				CLANG_ENABLE_MODULES = YES;
				CLANG_ENABLE_OBJC_ARC = YES;
				CLANG_ENABLE_OBJC_WEAK = YES;
				CLANG_WARN_BLOCK_CAPTURE_AUTORELEASING = YES;
				CLANG_WARN_BOOL_CONVERSION = YES;
				CLANG_WARN_COMMA = YES;
				CLANG_WARN_CONSTANT_CONVERSION = YES;
				CLANG_WARN_DEPRECATED_OBJC_IMPLEMENTATIONS = YES;
				CLANG_WARN_DIRECT_OBJC_ISA_USAGE = YES_ERROR;
				CLANG_WARN_DOCUMENTATION_COMMENTS = YES;
				CLANG_WARN_EMPTY_BODY = YES;
				CLANG_WARN_ENUM_CONVERSION = YES;
				CLANG_WARN_INFINITE_RECURSION = YES;
				CLANG_WARN_INT_CONVERSION = YES;
				CLANG_WARN_NON_LITERAL_NULL_CONVERSION = YES;
				CLANG_WARN_OBJC_IMPLICIT_RETAIN_SELF = YES;
				CLANG_WARN_OBJC_LITERAL_CONVERSION = YES;
				CLANG_WARN_OBJC_ROOT_CLASS = YES_ERROR;
				CLANG_WARN_QUOTED_INCLUDE_IN_FRAMEWORK_HEADER = YES;
				CLANG_WARN_RANGE_LOOP_ANALYSIS = YES;
				CLANG_WARN_STRICT_PROTOTYPES = YES;
				CLANG_WARN_SUSPICIOUS_MOVE = YES;
				CLANG_WARN_UNGUARDED_AVAILABILITY = YES_AGGRESSIVE;
				CLANG_WARN_UNREACHABLE_CODE = YES;
				CLANG_WARN__DUPLICATE_METHOD_MATCH = YES;
				COPY_PHASE_STRIP = NO;
				DEBUG_INFORMATION_FORMAT = dwarf;
				ENABLE_STRICT_OBJC_MSGSEND = YES;
				ENABLE_TESTABILITY = YES;
				GCC_C_LANGUAGE_STANDARD = gnu11;
				GCC_DYNAMIC_NO_PIC = NO;
				GCC_NO_COMMON_BLOCKS = YES;
				GCC_OPTIMIZATION_LEVEL = 0;
				GCC_PREPROCESSOR_DEFINITIONS = (
					"DEBUG=1",
					"$(inherited)",
				);
				GCC_WARN_64_TO_32_BIT_CONVERSION = YES;
				GCC_WARN_ABOUT_RETURN_TYPE = YES_ERROR;
				GCC_WARN_UNDECLARED_SELECTOR = YES;
				GCC_WARN_UNINITIALIZED_AUTOS = YES_AGGRESSIVE;
				GCC_WARN_UNUSED_FUNCTION = YES;
				GCC_WARN_UNUSED_VARIABLE = YES;
				IPHONEOS_DEPLOYMENT_TARGET = 16.4;
				MTL_ENABLE_DEBUG_INFO = INCLUDE_SOURCE;
				MTL_FAST_MATH = YES;
				ONLY_ACTIVE_ARCH = YES;
				SDKROOT = iphoneos;
				SWIFT_ACTIVE_COMPILATION_CONDITIONS = DEBUG;
				SWIFT_OPTIMIZATION_LEVEL = "-Onone";
			};
			name = Debug;
		};
		9F0CD9DA2A71FFF40007F50E /* Release */ = {
			isa = XCBuildConfiguration;
			buildSettings = {
				ALWAYS_SEARCH_USER_PATHS = NO;
				CLANG_ANALYZER_NONNULL = YES;
				CLANG_ANALYZER_NUMBER_OBJECT_CONVERSION = YES_AGGRESSIVE;
				CLANG_CXX_LANGUAGE_STANDARD = "gnu++20";
				CLANG_ENABLE_MODULES = YES;
				CLANG_ENABLE_OBJC_ARC = YES;
				CLANG_ENABLE_OBJC_WEAK = YES;
				CLANG_WARN_BLOCK_CAPTURE_AUTORELEASING = YES;
				CLANG_WARN_BOOL_CONVERSION = YES;
				CLANG_WARN_COMMA = YES;
				CLANG_WARN_CONSTANT_CONVERSION = YES;
				CLANG_WARN_DEPRECATED_OBJC_IMPLEMENTATIONS = YES;
				CLANG_WARN_DIRECT_OBJC_ISA_USAGE = YES_ERROR;
				CLANG_WARN_DOCUMENTATION_COMMENTS = YES;
				CLANG_WARN_EMPTY_BODY = YES;
				CLANG_WARN_ENUM_CONVERSION = YES;
				CLANG_WARN_INFINITE_RECURSION = YES;
				CLANG_WARN_INT_CONVERSION = YES;
				CLANG_WARN_NON_LITERAL_NULL_CONVERSION = YES;
				CLANG_WARN_OBJC_IMPLICIT_RETAIN_SELF = YES;
				CLANG_WARN_OBJC_LITERAL_CONVERSION = YES;
				CLANG_WARN_OBJC_ROOT_CLASS = YES_ERROR;
				CLANG_WARN_QUOTED_INCLUDE_IN_FRAMEWORK_HEADER = YES;
				CLANG_WARN_RANGE_LOOP_ANALYSIS = YES;
				CLANG_WARN_STRICT_PROTOTYPES = YES;
				CLANG_WARN_SUSPICIOUS_MOVE = YES;
				CLANG_WARN_UNGUARDED_AVAILABILITY = YES_AGGRESSIVE;
				CLANG_WARN_UNREACHABLE_CODE = YES;
				CLANG_WARN__DUPLICATE_METHOD_MATCH = YES;
				COPY_PHASE_STRIP = NO;
				DEBUG_INFORMATION_FORMAT = "dwarf-with-dsym";
				ENABLE_NS_ASSERTIONS = NO;
				ENABLE_STRICT_OBJC_MSGSEND = YES;
				GCC_C_LANGUAGE_STANDARD = gnu11;
				GCC_NO_COMMON_BLOCKS = YES;
				GCC_WARN_64_TO_32_BIT_CONVERSION = YES;
				GCC_WARN_ABOUT_RETURN_TYPE = YES_ERROR;
				GCC_WARN_UNDECLARED_SELECTOR = YES;
				GCC_WARN_UNINITIALIZED_AUTOS = YES_AGGRESSIVE;
				GCC_WARN_UNUSED_FUNCTION = YES;
				GCC_WARN_UNUSED_VARIABLE = YES;
				IPHONEOS_DEPLOYMENT_TARGET = 16.4;
				MTL_ENABLE_DEBUG_INFO = NO;
				MTL_FAST_MATH = YES;
				SDKROOT = iphoneos;
				SWIFT_COMPILATION_MODE = wholemodule;
				SWIFT_OPTIMIZATION_LEVEL = "-O";
				VALIDATE_PRODUCT = YES;
			};
			name = Release;
		};
		9F0CD9DC2A71FFF40007F50E /* Debug */ = {
			isa = XCBuildConfiguration;
			buildSettings = {
				ASSETCATALOG_COMPILER_APPICON_NAME = AppIcon;
				ASSETCATALOG_COMPILER_GLOBAL_ACCENT_COLOR_NAME = AccentColor;
				CODE_SIGN_STYLE = Automatic;
				CURRENT_PROJECT_VERSION = 1;
				DEVELOPMENT_TEAM = NDA4XU9NWX;
				GENERATE_INFOPLIST_FILE = YES;
				INFOPLIST_FILE = SeSACWeek3/Info.plist;
				INFOPLIST_KEY_UIApplicationSupportsIndirectInputEvents = YES;
				INFOPLIST_KEY_UILaunchStoryboardName = LaunchScreen;
				INFOPLIST_KEY_UIMainStoryboardFile = Main;
				INFOPLIST_KEY_UISupportedInterfaceOrientations = UIInterfaceOrientationPortrait;
				INFOPLIST_KEY_UISupportedInterfaceOrientations_iPad = "UIInterfaceOrientationLandscapeLeft UIInterfaceOrientationLandscapeRight UIInterfaceOrientationPortrait UIInterfaceOrientationPortraitUpsideDown";
				LD_RUNPATH_SEARCH_PATHS = (
					"$(inherited)",
					"@executable_path/Frameworks",
				);
				MARKETING_VERSION = 1.0;
				PRODUCT_BUNDLE_IDENTIFIER = com.sesac.SeSACWeek3101;
				PRODUCT_NAME = "$(TARGET_NAME)";
				SUPPORTED_PLATFORMS = "iphoneos iphonesimulator";
				SUPPORTS_MACCATALYST = NO;
				SUPPORTS_MAC_DESIGNED_FOR_IPHONE_IPAD = NO;
				SWIFT_EMIT_LOC_STRINGS = YES;
				SWIFT_VERSION = 5.0;
				TARGETED_DEVICE_FAMILY = 1;
			};
			name = Debug;
		};
		9F0CD9DD2A71FFF40007F50E /* Release */ = {
			isa = XCBuildConfiguration;
			buildSettings = {
				ASSETCATALOG_COMPILER_APPICON_NAME = AppIcon;
				ASSETCATALOG_COMPILER_GLOBAL_ACCENT_COLOR_NAME = AccentColor;
				CODE_SIGN_STYLE = Automatic;
				CURRENT_PROJECT_VERSION = 1;
				DEVELOPMENT_TEAM = NDA4XU9NWX;
				GENERATE_INFOPLIST_FILE = YES;
				INFOPLIST_FILE = SeSACWeek3/Info.plist;
				INFOPLIST_KEY_UIApplicationSupportsIndirectInputEvents = YES;
				INFOPLIST_KEY_UILaunchStoryboardName = LaunchScreen;
				INFOPLIST_KEY_UIMainStoryboardFile = Main;
				INFOPLIST_KEY_UISupportedInterfaceOrientations = UIInterfaceOrientationPortrait;
				INFOPLIST_KEY_UISupportedInterfaceOrientations_iPad = "UIInterfaceOrientationLandscapeLeft UIInterfaceOrientationLandscapeRight UIInterfaceOrientationPortrait UIInterfaceOrientationPortraitUpsideDown";
				LD_RUNPATH_SEARCH_PATHS = (
					"$(inherited)",
					"@executable_path/Frameworks",
				);
				MARKETING_VERSION = 1.0;
				PRODUCT_BUNDLE_IDENTIFIER = com.sesac.SeSACWeek3101;
				PRODUCT_NAME = "$(TARGET_NAME)";
				SUPPORTED_PLATFORMS = "iphoneos iphonesimulator";
				SUPPORTS_MACCATALYST = NO;
				SUPPORTS_MAC_DESIGNED_FOR_IPHONE_IPAD = NO;
				SWIFT_EMIT_LOC_STRINGS = YES;
				SWIFT_VERSION = 5.0;
				TARGETED_DEVICE_FAMILY = 1;
			};
			name = Release;
		};
/* End XCBuildConfiguration section */

/* Begin XCConfigurationList section */
		9F0CD9C22A71FFF10007F50E /* Build configuration list for PBXProject "SeSACWeek3" */ = {
			isa = XCConfigurationList;
			buildConfigurations = (
				9F0CD9D92A71FFF40007F50E /* Debug */,
				9F0CD9DA2A71FFF40007F50E /* Release */,
			);
			defaultConfigurationIsVisible = 0;
			defaultConfigurationName = Release;
		};
		9F0CD9DB2A71FFF40007F50E /* Build configuration list for PBXNativeTarget "SeSACWeek3" */ = {
			isa = XCConfigurationList;
			buildConfigurations = (
				9F0CD9DC2A71FFF40007F50E /* Debug */,
				9F0CD9DD2A71FFF40007F50E /* Release */,
			);
			defaultConfigurationIsVisible = 0;
			defaultConfigurationName = Release;
		};
/* End XCConfigurationList section */
	};
	rootObject = 9F0CD9BF2A71FFF10007F50E /* Project object */;
}
